
Microsoft Visual Studio Solution File, Format Version 12.00
# Visual Studio Version 16
VisualStudioVersion = 16.0.31729.503
MinimumVisualStudioVersion = 10.0.40219.1
Project("{FAE04EC0-301F-11D3-BF4B-00C04F79EFBC}") = "WeatherProject", "WeatherProject.csproj", "{0AB12E4C-8EBB-4ABA-AE74-919EC0E58EF3}"
EndProject
Global
	GlobalSection(SolutionConfigurationPlatforms) = preSolution
		Debug|Any CPU = Debug|Any CPU
		Release|Any CPU = Release|Any CPU
	EndGlobalSection
	GlobalSection(ProjectConfigurationPlatforms) = postSolution
		{0AB12E4C-8EBB-4ABA-AE74-919EC0E58EF3}.Debug|Any CPU.ActiveCfg = Debug|Any CPU
		{0AB12E4C-8EBB-4ABA-AE74-919EC0E58EF3}.Debug|Any CPU.Build.0 = Debug|Any CPU
		{0AB12E4C-8EBB-4ABA-AE74-919EC0E58EF3}.Release|Any CPU.ActiveCfg = Release|Any CPU
		{0AB12E4C-8EBB-4ABA-AE74-919EC0E58EF3}.Release|Any CPU.Build.0 = Release|Any CPU
	EndGlobalSection
	GlobalSection(SolutionProperties) = preSolution
		HideSolutionNode = FALSE
	EndGlobalSection
	GlobalSection(ExtensibilityGlobals) = postSolution
		SolutionGuid = {E34F9D27-F314-4A42-9EB2-609B3B476386}
	EndGlobalSection
EndGlobal
